
Microsoft Visual Studio Solution File, Format Version 12.00
# Visual Studio 15
VisualStudioVersion = 15.0.28307.902
MinimumVisualStudioVersion = 10.0.40219.1
Project("{FAE04EC0-301F-11D3-BF4B-00C04F79EFBC}") = "ObjectOrientedPrograms", "ObjectOrientedPrograms\ObjectOrientedPrograms.csproj", "{B1D117C4-A524-4E11-99FA-D4EACAA8233D}"
EndProject
Global
	GlobalSection(SolutionConfigurationPlatforms) = preSolution
		Debug|Any CPU = Debug|Any CPU
		Release|Any CPU = Release|Any CPU
	EndGlobalSection
	GlobalSection(ProjectConfigurationPlatforms) = postSolution
		{B1D117C4-A524-4E11-99FA-D4EACAA8233D}.Debug|Any CPU.ActiveCfg = Debug|Any CPU
		{B1D117C4-A524-4E11-99FA-D4EACAA8233D}.Debug|Any CPU.Build.0 = Debug|Any CPU
		{B1D117C4-A524-4E11-99FA-D4EACAA8233D}.Release|Any CPU.ActiveCfg = Release|Any CPU
		{B1D117C4-A524-4E11-99FA-D4EACAA8233D}.Release|Any CPU.Build.0 = Release|Any CPU
	EndGlobalSection
	GlobalSection(SolutionProperties) = preSolution
		HideSolutionNode = FALSE
	EndGlobalSection
	GlobalSection(ExtensibilityGlobals) = postSolution
		SolutionGuid = {259B1ED2-532A-453F-AFAC-1FC21F05EF45}
	EndGlobalSection
EndGlobal
