
Microsoft Visual Studio Solution File, Format Version 12.00
# Visual Studio 15
VisualStudioVersion = 15.0.28307.902
MinimumVisualStudioVersion = 10.0.40219.1
Project("{FAE04EC0-301F-11D3-BF4B-00C04F79EFBC}") = "Algorithmprograms", "Algorithmprograms\Algorithmprograms.csproj", "{0230039D-8D22-430C-88C4-78D47C80813B}"
EndProject
Global
	GlobalSection(SolutionConfigurationPlatforms) = preSolution
		Debug|Any CPU = Debug|Any CPU
		Release|Any CPU = Release|Any CPU
	EndGlobalSection
	GlobalSection(ProjectConfigurationPlatforms) = postSolution
		{0230039D-8D22-430C-88C4-78D47C80813B}.Debug|Any CPU.ActiveCfg = Debug|Any CPU
		{0230039D-8D22-430C-88C4-78D47C80813B}.Debug|Any CPU.Build.0 = Debug|Any CPU
		{0230039D-8D22-430C-88C4-78D47C80813B}.Release|Any CPU.ActiveCfg = Release|Any CPU
		{0230039D-8D22-430C-88C4-78D47C80813B}.Release|Any CPU.Build.0 = Release|Any CPU
	EndGlobalSection
	GlobalSection(SolutionProperties) = preSolution
		HideSolutionNode = FALSE
	EndGlobalSection
	GlobalSection(ExtensibilityGlobals) = postSolution
		SolutionGuid = {9697EF19-3247-47A0-93FC-732BC2E94D80}
	EndGlobalSection
EndGlobal
